
Microsoft Visual Studio Solution File, Format Version 12.00
# Visual Studio Version 17
VisualStudioVersion = 17.8.34511.84
MinimumVisualStudioVersion = 10.0.40219.1
Project("{8BC9CEB8-8B4A-11D0-8D11-00A0C91BC942}") = "Zad1", "Zad1\Zad1.vcxproj", "{B96C7335-39EC-4830-B91E-1474C16FE294}"
EndProject
Project("{8BC9CEB8-8B4A-11D0-8D11-00A0C91BC942}") = "zcpt", "zcpt\zcpt.vcxproj", "{49C580FD-5676-46C4-95C4-B834270F1B07}"
EndProject
Global
	GlobalSection(SolutionConfigurationPlatforms) = preSolution
		Debug|x64 = Debug|x64
		Debug|x86 = Debug|x86
		Release|x64 = Release|x64
		Release|x86 = Release|x86
	EndGlobalSection
	GlobalSection(ProjectConfigurationPlatforms) = postSolution
		{B96C7335-39EC-4830-B91E-1474C16FE294}.Debug|x64.ActiveCfg = Debug|x64
		{B96C7335-39EC-4830-B91E-1474C16FE294}.Debug|x64.Build.0 = Debug|x64
		{B96C7335-39EC-4830-B91E-1474C16FE294}.Debug|x86.ActiveCfg = Debug|Win32
		{B96C7335-39EC-4830-B91E-1474C16FE294}.Debug|x86.Build.0 = Debug|Win32
		{B96C7335-39EC-4830-B91E-1474C16FE294}.Release|x64.ActiveCfg = Release|x64
		{B96C7335-39EC-4830-B91E-1474C16FE294}.Release|x64.Build.0 = Release|x64
		{B96C7335-39EC-4830-B91E-1474C16FE294}.Release|x86.ActiveCfg = Release|Win32
		{B96C7335-39EC-4830-B91E-1474C16FE294}.Release|x86.Build.0 = Release|Win32
		{49C580FD-5676-46C4-95C4-B834270F1B07}.Debug|x64.ActiveCfg = Debug|x64
		{49C580FD-5676-46C4-95C4-B834270F1B07}.Debug|x64.Build.0 = Debug|x64
		{49C580FD-5676-46C4-95C4-B834270F1B07}.Debug|x86.ActiveCfg = Debug|Win32
		{49C580FD-5676-46C4-95C4-B834270F1B07}.Debug|x86.Build.0 = Debug|Win32
		{49C580FD-5676-46C4-95C4-B834270F1B07}.Release|x64.ActiveCfg = Release|x64
		{49C580FD-5676-46C4-95C4-B834270F1B07}.Release|x64.Build.0 = Release|x64
		{49C580FD-5676-46C4-95C4-B834270F1B07}.Release|x86.ActiveCfg = Release|Win32
		{49C580FD-5676-46C4-95C4-B834270F1B07}.Release|x86.Build.0 = Release|Win32
	EndGlobalSection
	GlobalSection(SolutionProperties) = preSolution
		HideSolutionNode = FALSE
	EndGlobalSection
	GlobalSection(ExtensibilityGlobals) = postSolution
		SolutionGuid = {2AFA8BB0-0AD8-4267-8A5D-68C2CDF18EAF}
	EndGlobalSection
EndGlobal
